
Microsoft Visual Studio Solution File, Format Version 12.00
# Visual Studio 15
VisualStudioVersion = 15.0.28010.2041
MinimumVisualStudioVersion = 10.0.40219.1
Project("{FAE04EC0-301F-11D3-BF4B-00C04F79EFBC}") = "pract4_", "pract4_\pract4_.csproj", "{FDDF8C0C-B487-48D5-87AB-610D7C7D46A1}"
EndProject
Global
	GlobalSection(SolutionConfigurationPlatforms) = preSolution
		Debug|Any CPU = Debug|Any CPU
		Release|Any CPU = Release|Any CPU
	EndGlobalSection
	GlobalSection(ProjectConfigurationPlatforms) = postSolution
		{FDDF8C0C-B487-48D5-87AB-610D7C7D46A1}.Debug|Any CPU.ActiveCfg = Debug|Any CPU
		{FDDF8C0C-B487-48D5-87AB-610D7C7D46A1}.Debug|Any CPU.Build.0 = Debug|Any CPU
		{FDDF8C0C-B487-48D5-87AB-610D7C7D46A1}.Release|Any CPU.ActiveCfg = Release|Any CPU
		{FDDF8C0C-B487-48D5-87AB-610D7C7D46A1}.Release|Any CPU.Build.0 = Release|Any CPU
	EndGlobalSection
	GlobalSection(SolutionProperties) = preSolution
		HideSolutionNode = FALSE
	EndGlobalSection
	GlobalSection(ExtensibilityGlobals) = postSolution
		SolutionGuid = {1E354013-76A4-483D-A328-9E745E9D101C}
	EndGlobalSection
EndGlobal
